
Microsoft Visual Studio Solution File, Format Version 12.00
# Visual Studio Version 16
VisualStudioVersion = 16.0.33214.272
MinimumVisualStudioVersion = 10.0.40219.1
Project("{9A19103F-16F7-4668-BE54-9A1E7A4F7556}") = "Mission2Assignment", "Mission2Assignment.csproj", "{E47C2D75-CC17-416B-807E-64322584B14E}"
EndProject
Global
	GlobalSection(SolutionConfigurationPlatforms) = preSolution
		Debug|Any CPU = Debug|Any CPU
		Release|Any CPU = Release|Any CPU
	EndGlobalSection
	GlobalSection(ProjectConfigurationPlatforms) = postSolution
		{E47C2D75-CC17-416B-807E-64322584B14E}.Debug|Any CPU.ActiveCfg = Debug|Any CPU
		{E47C2D75-CC17-416B-807E-64322584B14E}.Debug|Any CPU.Build.0 = Debug|Any CPU
		{E47C2D75-CC17-416B-807E-64322584B14E}.Release|Any CPU.ActiveCfg = Release|Any CPU
		{E47C2D75-CC17-416B-807E-64322584B14E}.Release|Any CPU.Build.0 = Release|Any CPU
	EndGlobalSection
	GlobalSection(SolutionProperties) = preSolution
		HideSolutionNode = FALSE
	EndGlobalSection
	GlobalSection(ExtensibilityGlobals) = postSolution
		SolutionGuid = {5D6A5E42-B597-4B49-BF5A-F566D517356F}
	EndGlobalSection
EndGlobal
